
Microsoft Visual Studio Solution File, Format Version 12.00
# Visual Studio 15
VisualStudioVersion = 15.0.28010.2050
MinimumVisualStudioVersion = 10.0.40219.1
Project("{FAE04EC0-301F-11D3-BF4B-00C04F79EFBC}") = "KEL103Driver", "KEL103Driver\KEL103Driver.csproj", "{97A9CAA6-4270-4DAB-98B9-1B8C39539EF2}"
EndProject
Project("{FAE04EC0-301F-11D3-BF4B-00C04F79EFBC}") = "KEL103DriverUtility", "KEL103DriverUtility\KEL103DriverUtility.csproj", "{C36885C6-E0CA-4D66-89EF-7EF52739D648}"
EndProject
Global
	GlobalSection(SolutionConfigurationPlatforms) = preSolution
		Debug|Any CPU = Debug|Any CPU
		Release|Any CPU = Release|Any CPU
	EndGlobalSection
	GlobalSection(ProjectConfigurationPlatforms) = postSolution
		{97A9CAA6-4270-4DAB-98B9-1B8C39539EF2}.Debug|Any CPU.ActiveCfg = Debug|Any CPU
		{97A9CAA6-4270-4DAB-98B9-1B8C39539EF2}.Debug|Any CPU.Build.0 = Debug|Any CPU
		{97A9CAA6-4270-4DAB-98B9-1B8C39539EF2}.Release|Any CPU.ActiveCfg = Release|Any CPU
		{97A9CAA6-4270-4DAB-98B9-1B8C39539EF2}.Release|Any CPU.Build.0 = Release|Any CPU
		{C36885C6-E0CA-4D66-89EF-7EF52739D648}.Debug|Any CPU.ActiveCfg = Debug|Any CPU
		{C36885C6-E0CA-4D66-89EF-7EF52739D648}.Debug|Any CPU.Build.0 = Debug|Any CPU
		{C36885C6-E0CA-4D66-89EF-7EF52739D648}.Release|Any CPU.ActiveCfg = Release|Any CPU
		{C36885C6-E0CA-4D66-89EF-7EF52739D648}.Release|Any CPU.Build.0 = Release|Any CPU
	EndGlobalSection
	GlobalSection(SolutionProperties) = preSolution
		HideSolutionNode = FALSE
	EndGlobalSection
	GlobalSection(ExtensibilityGlobals) = postSolution
		SolutionGuid = {D6309DA1-106E-4DA6-A68A-409A8FD48ADA}
	EndGlobalSection
EndGlobal
